dependencies:
  espressif/mpu6050:
    component_hash: 3370b55e3c1337c0a80c8cd833bf48c0ba61cf9f7d226856ae88abb61eba1d67
    dependencies:
    - name: idf
      require: private
      version: '>=4.0'
    source:
      registry_url: https://components.espressif.com/
      type: service
    version: 1.2.1
  idf:
    source:
      type: idf
    version: 5.5.2
direct_dependencies:
- espressif/mpu6050
manifest_hash: 4ac44f0184897eb36f79a4f13b61cf46182fb8fa6d44f7e818c48e8b4ef5a947
target: esp32
version: 2.0.0
